{
  "requires": true,
  "lockfileVersion": 1,
  "dependencies": {
    "concat-stream": {
      "version": "0.0.7",
      "resolved": "https://registry.npmjs.org/concat-stream/-/concat-stream-0.0.7.tgz",
      "integrity": "sha1-4Tfjj5RiYbvvuktQN8zEPVqo88M="
    },
    "mdb": {
      "version": "0.1.0",
      "resolved": "https://registry.npmjs.org/mdb/-/mdb-0.1.0.tgz",
      "integrity": "sha1-68mp5uy8uIyfycibhO0oEpErElk=",
      "requires": {
        "concat-stream": "0.0.7"
      }
    }
  }
}
